
Microsoft Visual Studio Solution File, Format Version 12.00
# Visual Studio Version 17
VisualStudioVersion = 17.5.33220.173
MinimumVisualStudioVersion = 10.0.40219.1
Project("{FAE04EC0-301F-11D3-BF4B-00C04F79EFBC}") = "BlazorServerCaptureUser", "BlazorServerCaptureUser\BlazorServerCaptureUser.csproj", "{021B9F11-9000-49E1-8521-40C80B1D667C}"
EndProject
Global
	GlobalSection(SolutionConfigurationPlatforms) = preSolution
		Debug|Any CPU = Debug|Any CPU
		Release|Any CPU = Release|Any CPU
	EndGlobalSection
	GlobalSection(ProjectConfigurationPlatforms) = postSolution
		{021B9F11-9000-49E1-8521-40C80B1D667C}.Debug|Any CPU.ActiveCfg = Debug|Any CPU
		{021B9F11-9000-49E1-8521-40C80B1D667C}.Debug|Any CPU.Build.0 = Debug|Any CPU
		{021B9F11-9000-49E1-8521-40C80B1D667C}.Release|Any CPU.ActiveCfg = Release|Any CPU
		{021B9F11-9000-49E1-8521-40C80B1D667C}.Release|Any CPU.Build.0 = Release|Any CPU
	EndGlobalSection
	GlobalSection(SolutionProperties) = preSolution
		HideSolutionNode = FALSE
	EndGlobalSection
	GlobalSection(ExtensibilityGlobals) = postSolution
		SolutionGuid = {BEC90ADA-F363-4EDC-BE1B-A26BDDB69C9C}
	EndGlobalSection
EndGlobal
